
Microsoft Visual Studio Solution File, Format Version 12.00
# Visual Studio Version 16
VisualStudioVersion = 16.0.30907.101
MinimumVisualStudioVersion = 10.0.40219.1
Project("{9A19103F-16F7-4668-BE54-9A1E7A4F7556}") = "APIConsume", "APIConsume\APIConsume.csproj", "{534BF8EC-3DB4-4A66-AB38-370B8780279E}"
EndProject
Project("{9A19103F-16F7-4668-BE54-9A1E7A4F7556}") = "APIControllers", "..\APIControllers\APIControllers.csproj", "{024723E8-B6C1-48C7-AE79-071AED572697}"
EndProject
Global
	GlobalSection(SolutionConfigurationPlatforms) = preSolution
		Debug|Any CPU = Debug|Any CPU
		Release|Any CPU = Release|Any CPU
	EndGlobalSection
	GlobalSection(ProjectConfigurationPlatforms) = postSolution
		{534BF8EC-3DB4-4A66-AB38-370B8780279E}.Debug|Any CPU.ActiveCfg = Debug|Any CPU
		{534BF8EC-3DB4-4A66-AB38-370B8780279E}.Debug|Any CPU.Build.0 = Debug|Any CPU
		{534BF8EC-3DB4-4A66-AB38-370B8780279E}.Release|Any CPU.ActiveCfg = Release|Any CPU
		{534BF8EC-3DB4-4A66-AB38-370B8780279E}.Release|Any CPU.Build.0 = Release|Any CPU
		{024723E8-B6C1-48C7-AE79-071AED572697}.Debug|Any CPU.ActiveCfg = Debug|Any CPU
		{024723E8-B6C1-48C7-AE79-071AED572697}.Debug|Any CPU.Build.0 = Debug|Any CPU
		{024723E8-B6C1-48C7-AE79-071AED572697}.Release|Any CPU.ActiveCfg = Release|Any CPU
		{024723E8-B6C1-48C7-AE79-071AED572697}.Release|Any CPU.Build.0 = Release|Any CPU
	EndGlobalSection
	GlobalSection(SolutionProperties) = preSolution
		HideSolutionNode = FALSE
	EndGlobalSection
	GlobalSection(ExtensibilityGlobals) = postSolution
		SolutionGuid = {DA2F1CD1-81BC-4037-9A31-DE0652B8EFFE}
	EndGlobalSection
EndGlobal
